
Microsoft Visual Studio Solution File, Format Version 12.00
# Visual Studio Version 16
VisualStudioVersion = 16.0.29324.140
MinimumVisualStudioVersion = 10.0.40219.1
Project("{FAE04EC0-301F-11D3-BF4B-00C04F79EFBC}") = "UserCrudAPI", "UserCrudAPI\UserCrudAPI.csproj", "{A3C73302-55B2-4689-A40A-575C4BD1B442}"
EndProject
Project("{FAE04EC0-301F-11D3-BF4B-00C04F79EFBC}") = "UserCrudAPI.BL", "UserCrudAPI.BL\UserCrudAPI.BL.csproj", "{3038DB25-481F-43C7-AB5D-871F7335F494}"
EndProject
Global
	GlobalSection(SolutionConfigurationPlatforms) = preSolution
		Debug|Any CPU = Debug|Any CPU
		Release|Any CPU = Release|Any CPU
	EndGlobalSection
	GlobalSection(ProjectConfigurationPlatforms) = postSolution
		{A3C73302-55B2-4689-A40A-575C4BD1B442}.Debug|Any CPU.ActiveCfg = Debug|Any CPU
		{A3C73302-55B2-4689-A40A-575C4BD1B442}.Debug|Any CPU.Build.0 = Debug|Any CPU
		{A3C73302-55B2-4689-A40A-575C4BD1B442}.Release|Any CPU.ActiveCfg = Release|Any CPU
		{A3C73302-55B2-4689-A40A-575C4BD1B442}.Release|Any CPU.Build.0 = Release|Any CPU
		{3038DB25-481F-43C7-AB5D-871F7335F494}.Debug|Any CPU.ActiveCfg = Debug|Any CPU
		{3038DB25-481F-43C7-AB5D-871F7335F494}.Debug|Any CPU.Build.0 = Debug|Any CPU
		{3038DB25-481F-43C7-AB5D-871F7335F494}.Release|Any CPU.ActiveCfg = Release|Any CPU
		{3038DB25-481F-43C7-AB5D-871F7335F494}.Release|Any CPU.Build.0 = Release|Any CPU
	EndGlobalSection
	GlobalSection(SolutionProperties) = preSolution
		HideSolutionNode = FALSE
	EndGlobalSection
	GlobalSection(ExtensibilityGlobals) = postSolution
		SolutionGuid = {6FF4B639-CA8D-46CA-992B-004C0C1F91FC}
	EndGlobalSection
EndGlobal
